PODS:
  - AFNetworking/NSURLSession (4.0.1):
    - AFNetworking/Reachability
    - AFNetworking/Security
    - AFNetworking/Serialization
  - AFNetworking/Reachability (4.0.1)
  - AFNetworking/Security (4.0.1)
  - AFNetworking/Serialization (4.0.1)
  - Alamofire (4.8.2)
  - AnalyticsKit/Core (2.1.2)
  - DBC (1.2.0):
    - DBC/Bridged (= 1.2.0)
    - DBC/Objc (= 1.2.0)
    - DBC/Swift (= 1.2.0)
  - DBC/Bridged (1.2.0):
    - DBC/Objc
    - DBC/Swift
  - DBC/Objc (1.2.0)
  - DBC/Swift (1.2.0)
  - graylogger (0.8.0):
    - graylogger/Core (= 0.8.0)
  - graylogger/AFNetworking (0.8.0):
    - AFNetworking/NSURLSession
    - graylogger/Core
  - graylogger/Alamofire (0.8.0):
    - Alamofire (~> 4.8.2)
    - graylogger/Core
  - graylogger/AnalyticsKit (0.8.0):
    - AnalyticsKit/Core (~> 2.1.0)
    - graylogger/Core
  - graylogger/Core (0.8.0):
    - DBC
    - SwiftyJSON
  - graylogger/CoreDataCache (0.8.0):
    - graylogger/Core
  - graylogger/ReachabilitySwift (0.8.0):
    - graylogger/Core
    - ReachabilitySwift
  - ReachabilitySwift (5.0.0)
  - SwiftyJSON (5.0.0)

DEPENDENCIES:
  - "AFNetworking/NSURLSession (from `git@github.com:alignops/AFNetworking.git`)"
  - "AnalyticsKit/Core (from `git@github.com:twobitlabs/AnalyticsKit.git`)"
  - graylogger (from `../`)
  - graylogger/AFNetworking (from `../`)
  - graylogger/Alamofire (from `../`)
  - graylogger/AnalyticsKit (from `../`)
  - graylogger/CoreDataCache (from `../`)
  - graylogger/ReachabilitySwift (from `../`)
  - SwiftyJSON

SPEC REPOS:
  https://github.com/alignops/busypods-ios.git:
    - DBC
  https://github.com/CocoaPods/Specs.git:
    - Alamofire
    - ReachabilitySwift
    - SwiftyJSON

EXTERNAL SOURCES:
  AFNetworking:
    :git: "git@github.com:alignops/AFNetworking.git"
  AnalyticsKit:
    :git: "git@github.com:twobitlabs/AnalyticsKit.git"
  graylogger:
    :path: "../"

CHECKOUT OPTIONS:
  AFNetworking:
    :commit: c8b9554c57b96390b7a452fae348cc5540950e2e
    :git: "git@github.com:alignops/AFNetworking.git"
  AnalyticsKit:
    :commit: 21fae7cf298fd301efd6e98e73353df2f83e8162
    :git: "git@github.com:twobitlabs/AnalyticsKit.git"

SPEC CHECKSUMS:
  AFNetworking: 7864c38297c79aaca1500c33288e429c3451fdce
  Alamofire: ae5c501addb7afdbb13687d7f2f722c78734c2d3
  AnalyticsKit: af522ba171660376191c01de5ab37611562b329d
  DBC: 7ee77ff6dd123d809d6f273631329aa76eaabe8d
  graylogger: eca4f05b01e77c83c641c7c95477f256596b569d
  ReachabilitySwift: 985039c6f7b23a1da463388634119492ff86c825
  SwiftyJSON: 36413e04c44ee145039d332b4f4e2d3e8d6c4db7

PODFILE CHECKSUM: ecdc1679b8599aa075c41e87cfd71bf4e7f207d8

COCOAPODS: 1.16.2
